
Microsoft Visual Studio Solution File, Format Version 12.00
# Visual Studio Version 16
VisualStudioVersion = 16.0.30002.166
MinimumVisualStudioVersion = 10.0.40219.1
Project("{FAE04EC0-301F-11D3-BF4B-00C04F79EFBC}") = "WebApplication", "WebApplication.csproj", "{8A71B869-BDA0-4153-AB00-8B22F905A1DE}"
EndProject
Global
	GlobalSection(SolutionConfigurationPlatforms) = preSolution
		Debug|Any CPU = Debug|Any CPU
		Release|Any CPU = Release|Any CPU
	EndGlobalSection
	GlobalSection(ProjectConfigurationPlatforms) = postSolution
		{8A71B869-BDA0-4153-AB00-8B22F905A1DE}.Debug|Any CPU.ActiveCfg = Debug|Any CPU
		{8A71B869-BDA0-4153-AB00-8B22F905A1DE}.Debug|Any CPU.Build.0 = Debug|Any CPU
		{8A71B869-BDA0-4153-AB00-8B22F905A1DE}.Release|Any CPU.ActiveCfg = Release|Any CPU
		{8A71B869-BDA0-4153-AB00-8B22F905A1DE}.Release|Any CPU.Build.0 = Release|Any CPU
	EndGlobalSection
	GlobalSection(SolutionProperties) = preSolution
		HideSolutionNode = FALSE
	EndGlobalSection
	GlobalSection(ExtensibilityGlobals) = postSolution
		SolutionGuid = {092F0EA9-B555-405A-941F-AA29C90B443C}
	EndGlobalSection
EndGlobal
